
Microsoft Visual Studio Solution File, Format Version 12.00
# Visual Studio 15
VisualStudioVersion = 15.0.27703.2042
MinimumVisualStudioVersion = 10.0.40219.1
Project("{FAE04EC0-301F-11D3-BF4B-00C04F79EFBC}") = "FirstApp", "FirstApp\FirstApp.csproj", "{583C9125-A993-4093-996D-943D396BF375}"
EndProject
Global
	GlobalSection(SolutionConfigurationPlatforms) = preSolution
		Debug|Any CPU = Debug|Any CPU
		Release|Any CPU = Release|Any CPU
	EndGlobalSection
	GlobalSection(ProjectConfigurationPlatforms) = postSolution
		{583C9125-A993-4093-996D-943D396BF375}.Debug|Any CPU.ActiveCfg = Debug|Any CPU
		{583C9125-A993-4093-996D-943D396BF375}.Debug|Any CPU.Build.0 = Debug|Any CPU
		{583C9125-A993-4093-996D-943D396BF375}.Release|Any CPU.ActiveCfg = Release|Any CPU
		{583C9125-A993-4093-996D-943D396BF375}.Release|Any CPU.Build.0 = Release|Any CPU
	EndGlobalSection
	GlobalSection(SolutionProperties) = preSolution
		HideSolutionNode = FALSE
	EndGlobalSection
	GlobalSection(ExtensibilityGlobals) = postSolution
		SolutionGuid = {962362B2-E651-4F64-9611-556C7F0C1B96}
	EndGlobalSection
EndGlobal
